
Microsoft Visual Studio Solution File, Format Version 12.00
# Visual Studio Version 16
VisualStudioVersion = 16.0.30114.105
MinimumVisualStudioVersion = 10.0.40219.1
Project("{2150E333-8FDC-42A3-9474-1A3956D46DE8}") = "src", "src", "{239D7C6D-5797-4774-A1CF-67EBA7A74191}"
EndProject
Project("{F2A71F9B-5D33-465A-A702-920D77279786}") = "Client.React", "src\Client.React\Client.React.fsproj", "{F8209327-9AD9-494A-A997-0D1CD422C425}"
EndProject
Project("{F2A71F9B-5D33-465A-A702-920D77279786}") = "Model", "src\Model\Model.fsproj", "{6FB87AC1-B54E-4ADC-994D-3A5214B6BF36}"
EndProject
Project("{F2A71F9B-5D33-465A-A702-920D77279786}") = "Server.AzureFunctions", "src\Server.AzureFunctions\Server.AzureFunctions.fsproj", "{E59F7F45-1306-4949-B18B-080B1C500DB3}"
EndProject
Project("{2150E333-8FDC-42A3-9474-1A3956D46DE8}") = "tests", "tests", "{83926678-B5C0-4D65-B4A4-5F79AA905697}"
EndProject
Project("{F2A71F9B-5D33-465A-A702-920D77279786}") = "Model.Tests", "tests\Model.Tests\Model.Tests.fsproj", "{49808FA7-51B5-4720-8484-C86417D00A9F}"
EndProject
Global
	GlobalSection(SolutionProperties) = preSolution
		HideSolutionNode = FALSE
	EndGlobalSection
	GlobalSection(SolutionConfigurationPlatforms) = preSolution
		Debug|Any CPU = Debug|Any CPU
		Debug|x64 = Debug|x64
		Debug|x86 = Debug|x86
		Release|Any CPU = Release|Any CPU
		Release|x64 = Release|x64
		Release|x86 = Release|x86
	EndGlobalSection
	GlobalSection(ProjectConfigurationPlatforms) = postSolution
		{F8209327-9AD9-494A-A997-0D1CD422C425}.Debug|Any CPU.ActiveCfg = Debug|Any CPU
		{F8209327-9AD9-494A-A997-0D1CD422C425}.Debug|Any CPU.Build.0 = Debug|Any CPU
		{F8209327-9AD9-494A-A997-0D1CD422C425}.Debug|x64.ActiveCfg = Debug|Any CPU
		{F8209327-9AD9-494A-A997-0D1CD422C425}.Debug|x64.Build.0 = Debug|Any CPU
		{F8209327-9AD9-494A-A997-0D1CD422C425}.Debug|x86.ActiveCfg = Debug|Any CPU
		{F8209327-9AD9-494A-A997-0D1CD422C425}.Debug|x86.Build.0 = Debug|Any CPU
		{F8209327-9AD9-494A-A997-0D1CD422C425}.Release|Any CPU.ActiveCfg = Release|Any CPU
		{F8209327-9AD9-494A-A997-0D1CD422C425}.Release|Any CPU.Build.0 = Release|Any CPU
		{F8209327-9AD9-494A-A997-0D1CD422C425}.Release|x64.ActiveCfg = Release|Any CPU
		{F8209327-9AD9-494A-A997-0D1CD422C425}.Release|x64.Build.0 = Release|Any CPU
		{F8209327-9AD9-494A-A997-0D1CD422C425}.Release|x86.ActiveCfg = Release|Any CPU
		{F8209327-9AD9-494A-A997-0D1CD422C425}.Release|x86.Build.0 = Release|Any CPU
		{6FB87AC1-B54E-4ADC-994D-3A5214B6BF36}.Debug|Any CPU.ActiveCfg = Debug|Any CPU
		{6FB87AC1-B54E-4ADC-994D-3A5214B6BF36}.Debug|Any CPU.Build.0 = Debug|Any CPU
		{6FB87AC1-B54E-4ADC-994D-3A5214B6BF36}.Debug|x64.ActiveCfg = Debug|Any CPU
		{6FB87AC1-B54E-4ADC-994D-3A5214B6BF36}.Debug|x64.Build.0 = Debug|Any CPU
		{6FB87AC1-B54E-4ADC-994D-3A5214B6BF36}.Debug|x86.ActiveCfg = Debug|Any CPU
		{6FB87AC1-B54E-4ADC-994D-3A5214B6BF36}.Debug|x86.Build.0 = Debug|Any CPU
		{6FB87AC1-B54E-4ADC-994D-3A5214B6BF36}.Release|Any CPU.ActiveCfg = Release|Any CPU
		{6FB87AC1-B54E-4ADC-994D-3A5214B6BF36}.Release|Any CPU.Build.0 = Release|Any CPU
		{6FB87AC1-B54E-4ADC-994D-3A5214B6BF36}.Release|x64.ActiveCfg = Release|Any CPU
		{6FB87AC1-B54E-4ADC-994D-3A5214B6BF36}.Release|x64.Build.0 = Release|Any CPU
		{6FB87AC1-B54E-4ADC-994D-3A5214B6BF36}.Release|x86.ActiveCfg = Release|Any CPU
		{6FB87AC1-B54E-4ADC-994D-3A5214B6BF36}.Release|x86.Build.0 = Release|Any CPU
		{E59F7F45-1306-4949-B18B-080B1C500DB3}.Debug|Any CPU.ActiveCfg = Debug|Any CPU
		{E59F7F45-1306-4949-B18B-080B1C500DB3}.Debug|Any CPU.Build.0 = Debug|Any CPU
		{E59F7F45-1306-4949-B18B-080B1C500DB3}.Debug|x64.ActiveCfg = Debug|Any CPU
		{E59F7F45-1306-4949-B18B-080B1C500DB3}.Debug|x64.Build.0 = Debug|Any CPU
		{E59F7F45-1306-4949-B18B-080B1C500DB3}.Debug|x86.ActiveCfg = Debug|Any CPU
		{E59F7F45-1306-4949-B18B-080B1C500DB3}.Debug|x86.Build.0 = Debug|Any CPU
		{E59F7F45-1306-4949-B18B-080B1C500DB3}.Release|Any CPU.ActiveCfg = Release|Any CPU
		{E59F7F45-1306-4949-B18B-080B1C500DB3}.Release|Any CPU.Build.0 = Release|Any CPU
		{E59F7F45-1306-4949-B18B-080B1C500DB3}.Release|x64.ActiveCfg = Release|Any CPU
		{E59F7F45-1306-4949-B18B-080B1C500DB3}.Release|x64.Build.0 = Release|Any CPU
		{E59F7F45-1306-4949-B18B-080B1C500DB3}.Release|x86.ActiveCfg = Release|Any CPU
		{E59F7F45-1306-4949-B18B-080B1C500DB3}.Release|x86.Build.0 = Release|Any CPU
		{49808FA7-51B5-4720-8484-C86417D00A9F}.Debug|Any CPU.ActiveCfg = Debug|Any CPU
		{49808FA7-51B5-4720-8484-C86417D00A9F}.Debug|Any CPU.Build.0 = Debug|Any CPU
		{49808FA7-51B5-4720-8484-C86417D00A9F}.Debug|x64.ActiveCfg = Debug|Any CPU
		{49808FA7-51B5-4720-8484-C86417D00A9F}.Debug|x64.Build.0 = Debug|Any CPU
		{49808FA7-51B5-4720-8484-C86417D00A9F}.Debug|x86.ActiveCfg = Debug|Any CPU
		{49808FA7-51B5-4720-8484-C86417D00A9F}.Debug|x86.Build.0 = Debug|Any CPU
		{49808FA7-51B5-4720-8484-C86417D00A9F}.Release|Any CPU.ActiveCfg = Release|Any CPU
		{49808FA7-51B5-4720-8484-C86417D00A9F}.Release|Any CPU.Build.0 = Release|Any CPU
		{49808FA7-51B5-4720-8484-C86417D00A9F}.Release|x64.ActiveCfg = Release|Any CPU
		{49808FA7-51B5-4720-8484-C86417D00A9F}.Release|x64.Build.0 = Release|Any CPU
		{49808FA7-51B5-4720-8484-C86417D00A9F}.Release|x86.ActiveCfg = Release|Any CPU
		{49808FA7-51B5-4720-8484-C86417D00A9F}.Release|x86.Build.0 = Release|Any CPU
	EndGlobalSection
	GlobalSection(NestedProjects) = preSolution
		{F8209327-9AD9-494A-A997-0D1CD422C425} = {239D7C6D-5797-4774-A1CF-67EBA7A74191}
		{6FB87AC1-B54E-4ADC-994D-3A5214B6BF36} = {239D7C6D-5797-4774-A1CF-67EBA7A74191}
		{E59F7F45-1306-4949-B18B-080B1C500DB3} = {239D7C6D-5797-4774-A1CF-67EBA7A74191}
		{49808FA7-51B5-4720-8484-C86417D00A9F} = {83926678-B5C0-4D65-B4A4-5F79AA905697}
	EndGlobalSection
EndGlobal
